
Microsoft Visual Studio Solution File, Format Version 12.00
# Visual Studio 14
VisualStudioVersion = 14.0.25420.1
MinimumVisualStudioVersion = 10.0.40219.1
Project("{FAE04EC0-301F-11D3-BF4B-00C04F79EFBC}") = "CityMimicXMApp", "CityMimicXMApp\CityMimicXMApp\CityMimicXMApp.csproj", "{8EEA923D-C70B-4F52-A658-C345EEBC024A}"
EndProject
Project("{FAE04EC0-301F-11D3-BF4B-00C04F79EFBC}") = "CityMimicXMApp.Droid", "CityMimicXMApp\CityMimicXMApp.Droid\CityMimicXMApp.Droid.csproj", "{0C7B8976-DEDF-4859-ADF0-C6D7F091EAE3}"
EndProject
Project("{FAE04EC0-301F-11D3-BF4B-00C04F79EFBC}") = "CityMimicXMApp.iOS", "CityMimicXMApp\CityMimicXMApp.iOS\CityMimicXMApp.iOS.csproj", "{9E7E563D-1E1C-4526-A29E-BA43885834BE}"
EndProject
Project("{FAE04EC0-301F-11D3-BF4B-00C04F79EFBC}") = "CityMimicXMApp.WinPhone", "CityMimicXMApp\CityMimicXMApp.WinPhone\CityMimicXMApp.WinPhone.csproj", "{2D782C0C-A65C-4BA0-876B-B6B73C770E4D}"
EndProject
Global
	GlobalSection(SolutionConfigurationPlatforms) = preSolution
		Ad-Hoc|Any CPU = Ad-Hoc|Any CPU
		Ad-Hoc|ARM = Ad-Hoc|ARM
		Ad-Hoc|iPhone = Ad-Hoc|iPhone
		Ad-Hoc|iPhoneSimulator = Ad-Hoc|iPhoneSimulator
		Ad-Hoc|x86 = Ad-Hoc|x86
		AppStore|Any CPU = AppStore|Any CPU
		AppStore|ARM = AppStore|ARM
		AppStore|iPhone = AppStore|iPhone
		AppStore|iPhoneSimulator = AppStore|iPhoneSimulator
		AppStore|x86 = AppStore|x86
		Debug|Any CPU = Debug|Any CPU
		Debug|ARM = Debug|ARM
		Debug|iPhone = Debug|iPhone
		Debug|iPhoneSimulator = Debug|iPhoneSimulator
		Debug|x86 = Debug|x86
		Release|Any CPU = Release|Any CPU
		Release|ARM = Release|ARM
		Release|iPhone = Release|iPhone
		Release|iPhoneSimulator = Release|iPhoneSimulator
		Release|x86 = Release|x86
	EndGlobalSection
	GlobalSection(ProjectConfigurationPlatforms) = postSolution
		{8EEA923D-C70B-4F52-A658-C345EEBC024A}.Ad-Hoc|Any CPU.ActiveCfg = Release|Any CPU
		{8EEA923D-C70B-4F52-A658-C345EEBC024A}.Ad-Hoc|Any CPU.Build.0 = Release|Any CPU
		{8EEA923D-C70B-4F52-A658-C345EEBC024A}.Ad-Hoc|ARM.ActiveCfg = Release|Any CPU
		{8EEA923D-C70B-4F52-A658-C345EEBC024A}.Ad-Hoc|ARM.Build.0 = Release|Any CPU
		{8EEA923D-C70B-4F52-A658-C345EEBC024A}.Ad-Hoc|iPhone.ActiveCfg = Release|Any CPU
		{8EEA923D-C70B-4F52-A658-C345EEBC024A}.Ad-Hoc|iPhone.Build.0 = Release|Any CPU
		{8EEA923D-C70B-4F52-A658-C345EEBC024A}.Ad-Hoc|iPhoneSimulator.ActiveCfg = Release|Any CPU
		{8EEA923D-C70B-4F52-A658-C345EEBC024A}.Ad-Hoc|iPhoneSimulator.Build.0 = Release|Any CPU
		{8EEA923D-C70B-4F52-A658-C345EEBC024A}.Ad-Hoc|x86.ActiveCfg = Release|Any CPU
		{8EEA923D-C70B-4F52-A658-C345EEBC024A}.Ad-Hoc|x86.Build.0 = Release|Any CPU
		{8EEA923D-C70B-4F52-A658-C345EEBC024A}.AppStore|Any CPU.ActiveCfg = Release|Any CPU
		{8EEA923D-C70B-4F52-A658-C345EEBC024A}.AppStore|Any CPU.Build.0 = Release|Any CPU
		{8EEA923D-C70B-4F52-A658-C345EEBC024A}.AppStore|ARM.ActiveCfg = Release|Any CPU
		{8EEA923D-C70B-4F52-A658-C345EEBC024A}.AppStore|ARM.Build.0 = Release|Any CPU
		{8EEA923D-C70B-4F52-A658-C345EEBC024A}.AppStore|iPhone.ActiveCfg = Release|Any CPU
		{8EEA923D-C70B-4F52-A658-C345EEBC024A}.AppStore|iPhone.Build.0 = Release|Any CPU
		{8EEA923D-C70B-4F52-A658-C345EEBC024A}.AppStore|iPhoneSimulator.ActiveCfg = Release|Any CPU
		{8EEA923D-C70B-4F52-A658-C345EEBC024A}.AppStore|iPhoneSimulator.Build.0 = Release|Any CPU
		{8EEA923D-C70B-4F52-A658-C345EEBC024A}.AppStore|x86.ActiveCfg = Release|Any CPU
		{8EEA923D-C70B-4F52-A658-C345EEBC024A}.AppStore|x86.Build.0 = Release|Any CPU
		{8EEA923D-C70B-4F52-A658-C345EEBC024A}.Debug|Any CPU.ActiveCfg = Debug|Any CPU
		{8EEA923D-C70B-4F52-A658-C345EEBC024A}.Debug|Any CPU.Build.0 = Debug|Any CPU
		{8EEA923D-C70B-4F52-A658-C345EEBC024A}.Debug|ARM.ActiveCfg = Debug|Any CPU
		{8EEA923D-C70B-4F52-A658-C345EEBC024A}.Debug|ARM.Build.0 = Debug|Any CPU
		{8EEA923D-C70B-4F52-A658-C345EEBC024A}.Debug|iPhone.ActiveCfg = Debug|Any CPU
		{8EEA923D-C70B-4F52-A658-C345EEBC024A}.Debug|iPhone.Build.0 = Debug|Any CPU
		{8EEA923D-C70B-4F52-A658-C345EEBC024A}.Debug|iPhoneSimulator.ActiveCfg = Debug|Any CPU
		{8EEA923D-C70B-4F52-A658-C345EEBC024A}.Debug|iPhoneSimulator.Build.0 = Debug|Any CPU
		{8EEA923D-C70B-4F52-A658-C345EEBC024A}.Debug|x86.ActiveCfg = Debug|Any CPU
		{8EEA923D-C70B-4F52-A658-C345EEBC024A}.Debug|x86.Build.0 = Debug|Any CPU
		{8EEA923D-C70B-4F52-A658-C345EEBC024A}.Release|Any CPU.ActiveCfg = Release|Any CPU
		{8EEA923D-C70B-4F52-A658-C345EEBC024A}.Release|Any CPU.Build.0 = Release|Any CPU
		{8EEA923D-C70B-4F52-A658-C345EEBC024A}.Release|ARM.ActiveCfg = Release|Any CPU
		{8EEA923D-C70B-4F52-A658-C345EEBC024A}.Release|ARM.Build.0 = Release|Any CPU
		{8EEA923D-C70B-4F52-A658-C345EEBC024A}.Release|iPhone.ActiveCfg = Release|Any CPU
		{8EEA923D-C70B-4F52-A658-C345EEBC024A}.Release|iPhone.Build.0 = Release|Any CPU
		{8EEA923D-C70B-4F52-A658-C345EEBC024A}.Release|iPhoneSimulator.ActiveCfg = Release|Any CPU
		{8EEA923D-C70B-4F52-A658-C345EEBC024A}.Release|iPhoneSimulator.Build.0 = Release|Any CPU
		{8EEA923D-C70B-4F52-A658-C345EEBC024A}.Release|x86.ActiveCfg = Release|Any CPU
		{8EEA923D-C70B-4F52-A658-C345EEBC024A}.Release|x86.Build.0 = Release|Any CPU
		{0C7B8976-DEDF-4859-ADF0-C6D7F091EAE3}.Ad-Hoc|Any CPU.ActiveCfg = Release|Any CPU
		{0C7B8976-DEDF-4859-ADF0-C6D7F091EAE3}.Ad-Hoc|Any CPU.Build.0 = Release|Any CPU
		{0C7B8976-DEDF-4859-ADF0-C6D7F091EAE3}.Ad-Hoc|Any CPU.Deploy.0 = Release|Any CPU
		{0C7B8976-DEDF-4859-ADF0-C6D7F091EAE3}.Ad-Hoc|ARM.ActiveCfg = Release|Any CPU
		{0C7B8976-DEDF-4859-ADF0-C6D7F091EAE3}.Ad-Hoc|ARM.Build.0 = Release|Any CPU
		{0C7B8976-DEDF-4859-ADF0-C6D7F091EAE3}.Ad-Hoc|ARM.Deploy.0 = Release|Any CPU
		{0C7B8976-DEDF-4859-ADF0-C6D7F091EAE3}.Ad-Hoc|iPhone.ActiveCfg = Release|Any CPU
		{0C7B8976-DEDF-4859-ADF0-C6D7F091EAE3}.Ad-Hoc|iPhone.Build.0 = Release|Any CPU
		{0C7B8976-DEDF-4859-ADF0-C6D7F091EAE3}.Ad-Hoc|iPhone.Deploy.0 = Release|Any CPU
		{0C7B8976-DEDF-4859-ADF0-C6D7F091EAE3}.Ad-Hoc|iPhoneSimulator.ActiveCfg = Release|Any CPU
		{0C7B8976-DEDF-4859-ADF0-C6D7F091EAE3}.Ad-Hoc|iPhoneSimulator.Build.0 = Release|Any CPU
		{0C7B8976-DEDF-4859-ADF0-C6D7F091EAE3}.Ad-Hoc|iPhoneSimulator.Deploy.0 = Release|Any CPU
		{0C7B8976-DEDF-4859-ADF0-C6D7F091EAE3}.Ad-Hoc|x86.ActiveCfg = Release|Any CPU
		{0C7B8976-DEDF-4859-ADF0-C6D7F091EAE3}.Ad-Hoc|x86.Build.0 = Release|Any CPU
		{0C7B8976-DEDF-4859-ADF0-C6D7F091EAE3}.Ad-Hoc|x86.Deploy.0 = Release|Any CPU
		{0C7B8976-DEDF-4859-ADF0-C6D7F091EAE3}.AppStore|Any CPU.ActiveCfg = Release|Any CPU
		{0C7B8976-DEDF-4859-ADF0-C6D7F091EAE3}.AppStore|Any CPU.Build.0 = Release|Any CPU
		{0C7B8976-DEDF-4859-ADF0-C6D7F091EAE3}.AppStore|Any CPU.Deploy.0 = Release|Any CPU
		{0C7B8976-DEDF-4859-ADF0-C6D7F091EAE3}.AppStore|ARM.ActiveCfg = Release|Any CPU
		{0C7B8976-DEDF-4859-ADF0-C6D7F091EAE3}.AppStore|ARM.Build.0 = Release|Any CPU
		{0C7B8976-DEDF-4859-ADF0-C6D7F091EAE3}.AppStore|ARM.Deploy.0 = Release|Any CPU
		{0C7B8976-DEDF-4859-ADF0-C6D7F091EAE3}.AppStore|iPhone.ActiveCfg = Release|Any CPU
		{0C7B8976-DEDF-4859-ADF0-C6D7F091EAE3}.AppStore|iPhone.Build.0 = Release|Any CPU
		{0C7B8976-DEDF-4859-ADF0-C6D7F091EAE3}.AppStore|iPhone.Deploy.0 = Release|Any CPU
		{0C7B8976-DEDF-4859-ADF0-C6D7F091EAE3}.AppStore|iPhoneSimulator.ActiveCfg = Release|Any CPU
		{0C7B8976-DEDF-4859-ADF0-C6D7F091EAE3}.AppStore|iPhoneSimulator.Build.0 = Release|Any CPU
		{0C7B8976-DEDF-4859-ADF0-C6D7F091EAE3}.AppStore|iPhoneSimulator.Deploy.0 = Release|Any CPU
		{0C7B8976-DEDF-4859-ADF0-C6D7F091EAE3}.AppStore|x86.ActiveCfg = Release|Any CPU
		{0C7B8976-DEDF-4859-ADF0-C6D7F091EAE3}.AppStore|x86.Build.0 = Release|Any CPU
		{0C7B8976-DEDF-4859-ADF0-C6D7F091EAE3}.AppStore|x86.Deploy.0 = Release|Any CPU
		{0C7B8976-DEDF-4859-ADF0-C6D7F091EAE3}.Debug|Any CPU.ActiveCfg = Debug|Any CPU
		{0C7B8976-DEDF-4859-ADF0-C6D7F091EAE3}.Debug|Any CPU.Build.0 = Debug|Any CPU
		{0C7B8976-DEDF-4859-ADF0-C6D7F091EAE3}.Debug|Any CPU.Deploy.0 = Debug|Any CPU
		{0C7B8976-DEDF-4859-ADF0-C6D7F091EAE3}.Debug|ARM.ActiveCfg = Debug|Any CPU
		{0C7B8976-DEDF-4859-ADF0-C6D7F091EAE3}.Debug|ARM.Build.0 = Debug|Any CPU
		{0C7B8976-DEDF-4859-ADF0-C6D7F091EAE3}.Debug|ARM.Deploy.0 = Debug|Any CPU
		{0C7B8976-DEDF-4859-ADF0-C6D7F091EAE3}.Debug|iPhone.ActiveCfg = Debug|Any CPU
		{0C7B8976-DEDF-4859-ADF0-C6D7F091EAE3}.Debug|iPhone.Build.0 = Debug|Any CPU
		{0C7B8976-DEDF-4859-ADF0-C6D7F091EAE3}.Debug|iPhone.Deploy.0 = Debug|Any CPU
		{0C7B8976-DEDF-4859-ADF0-C6D7F091EAE3}.Debug|iPhoneSimulator.ActiveCfg = Debug|Any CPU
		{0C7B8976-DEDF-4859-ADF0-C6D7F091EAE3}.Debug|iPhoneSimulator.Build.0 = Debug|Any CPU
		{0C7B8976-DEDF-4859-ADF0-C6D7F091EAE3}.Debug|iPhoneSimulator.Deploy.0 = Debug|Any CPU
		{0C7B8976-DEDF-4859-ADF0-C6D7F091EAE3}.Debug|x86.ActiveCfg = Debug|Any CPU
		{0C7B8976-DEDF-4859-ADF0-C6D7F091EAE3}.Debug|x86.Build.0 = Debug|Any CPU
		{0C7B8976-DEDF-4859-ADF0-C6D7F091EAE3}.Debug|x86.Deploy.0 = Debug|Any CPU
		{0C7B8976-DEDF-4859-ADF0-C6D7F091EAE3}.Release|Any CPU.ActiveCfg = Release|Any CPU
		{0C7B8976-DEDF-4859-ADF0-C6D7F091EAE3}.Release|Any CPU.Build.0 = Release|Any CPU
		{0C7B8976-DEDF-4859-ADF0-C6D7F091EAE3}.Release|Any CPU.Deploy.0 = Release|Any CPU
		{0C7B8976-DEDF-4859-ADF0-C6D7F091EAE3}.Release|ARM.ActiveCfg = Release|Any CPU
		{0C7B8976-DEDF-4859-ADF0-C6D7F091EAE3}.Release|ARM.Build.0 = Release|Any CPU
		{0C7B8976-DEDF-4859-ADF0-C6D7F091EAE3}.Release|ARM.Deploy.0 = Release|Any CPU
		{0C7B8976-DEDF-4859-ADF0-C6D7F091EAE3}.Release|iPhone.ActiveCfg = Release|Any CPU
		{0C7B8976-DEDF-4859-ADF0-C6D7F091EAE3}.Release|iPhone.Build.0 = Release|Any CPU
		{0C7B8976-DEDF-4859-ADF0-C6D7F091EAE3}.Release|iPhone.Deploy.0 = Release|Any CPU
		{0C7B8976-DEDF-4859-ADF0-C6D7F091EAE3}.Release|iPhoneSimulator.ActiveCfg = Release|Any CPU
		{0C7B8976-DEDF-4859-ADF0-C6D7F091EAE3}.Release|iPhoneSimulator.Build.0 = Release|Any CPU
		{0C7B8976-DEDF-4859-ADF0-C6D7F091EAE3}.Release|iPhoneSimulator.Deploy.0 = Release|Any CPU
		{0C7B8976-DEDF-4859-ADF0-C6D7F091EAE3}.Release|x86.ActiveCfg = Release|Any CPU
		{0C7B8976-DEDF-4859-ADF0-C6D7F091EAE3}.Release|x86.Build.0 = Release|Any CPU
		{0C7B8976-DEDF-4859-ADF0-C6D7F091EAE3}.Release|x86.Deploy.0 = Release|Any CPU
		{9E7E563D-1E1C-4526-A29E-BA43885834BE}.Ad-Hoc|Any CPU.ActiveCfg = Ad-Hoc|iPhone
		{9E7E563D-1E1C-4526-A29E-BA43885834BE}.Ad-Hoc|ARM.ActiveCfg = Ad-Hoc|iPhone
		{9E7E563D-1E1C-4526-A29E-BA43885834BE}.Ad-Hoc|iPhone.ActiveCfg = Ad-Hoc|iPhone
		{9E7E563D-1E1C-4526-A29E-BA43885834BE}.Ad-Hoc|iPhone.Build.0 = Ad-Hoc|iPhone
		{9E7E563D-1E1C-4526-A29E-BA43885834BE}.Ad-Hoc|iPhoneSimulator.ActiveCfg = Ad-Hoc|iPhoneSimulator
		{9E7E563D-1E1C-4526-A29E-BA43885834BE}.Ad-Hoc|iPhoneSimulator.Build.0 = Ad-Hoc|iPhoneSimulator
		{9E7E563D-1E1C-4526-A29E-BA43885834BE}.Ad-Hoc|x86.ActiveCfg = Ad-Hoc|iPhone
		{9E7E563D-1E1C-4526-A29E-BA43885834BE}.AppStore|Any CPU.ActiveCfg = AppStore|iPhone
		{9E7E563D-1E1C-4526-A29E-BA43885834BE}.AppStore|ARM.ActiveCfg = AppStore|iPhone
		{9E7E563D-1E1C-4526-A29E-BA43885834BE}.AppStore|iPhone.ActiveCfg = AppStore|iPhone
		{9E7E563D-1E1C-4526-A29E-BA43885834BE}.AppStore|iPhone.Build.0 = AppStore|iPhone
		{9E7E563D-1E1C-4526-A29E-BA43885834BE}.AppStore|iPhoneSimulator.ActiveCfg = AppStore|iPhoneSimulator
		{9E7E563D-1E1C-4526-A29E-BA43885834BE}.AppStore|iPhoneSimulator.Build.0 = AppStore|iPhoneSimulator
		{9E7E563D-1E1C-4526-A29E-BA43885834BE}.AppStore|x86.ActiveCfg = AppStore|iPhone
		{9E7E563D-1E1C-4526-A29E-BA43885834BE}.Debug|Any CPU.ActiveCfg = Debug|iPhone
		{9E7E563D-1E1C-4526-A29E-BA43885834BE}.Debug|ARM.ActiveCfg = Debug|iPhone
		{9E7E563D-1E1C-4526-A29E-BA43885834BE}.Debug|iPhone.ActiveCfg = Debug|iPhone
		{9E7E563D-1E1C-4526-A29E-BA43885834BE}.Debug|iPhone.Build.0 = Debug|iPhone
		{9E7E563D-1E1C-4526-A29E-BA43885834BE}.Debug|iPhoneSimulator.ActiveCfg = Debug|iPhoneSimulator
		{9E7E563D-1E1C-4526-A29E-BA43885834BE}.Debug|iPhoneSimulator.Build.0 = Debug|iPhoneSimulator
		{9E7E563D-1E1C-4526-A29E-BA43885834BE}.Debug|x86.ActiveCfg = Debug|iPhone
		{9E7E563D-1E1C-4526-A29E-BA43885834BE}.Release|Any CPU.ActiveCfg = Release|iPhone
		{9E7E563D-1E1C-4526-A29E-BA43885834BE}.Release|ARM.ActiveCfg = Release|iPhone
		{9E7E563D-1E1C-4526-A29E-BA43885834BE}.Release|iPhone.ActiveCfg = Release|iPhone
		{9E7E563D-1E1C-4526-A29E-BA43885834BE}.Release|iPhone.Build.0 = Release|iPhone
		{9E7E563D-1E1C-4526-A29E-BA43885834BE}.Release|iPhoneSimulator.ActiveCfg = Release|iPhoneSimulator
		{9E7E563D-1E1C-4526-A29E-BA43885834BE}.Release|iPhoneSimulator.Build.0 = Release|iPhoneSimulator
		{9E7E563D-1E1C-4526-A29E-BA43885834BE}.Release|x86.ActiveCfg = Release|iPhone
		{2D782C0C-A65C-4BA0-876B-B6B73C770E4D}.Ad-Hoc|Any CPU.ActiveCfg = Release|Any CPU
		{2D782C0C-A65C-4BA0-876B-B6B73C770E4D}.Ad-Hoc|Any CPU.Build.0 = Release|Any CPU
		{2D782C0C-A65C-4BA0-876B-B6B73C770E4D}.Ad-Hoc|Any CPU.Deploy.0 = Release|Any CPU
		{2D782C0C-A65C-4BA0-876B-B6B73C770E4D}.Ad-Hoc|ARM.ActiveCfg = Release|ARM
		{2D782C0C-A65C-4BA0-876B-B6B73C770E4D}.Ad-Hoc|ARM.Build.0 = Release|ARM
		{2D782C0C-A65C-4BA0-876B-B6B73C770E4D}.Ad-Hoc|ARM.Deploy.0 = Release|ARM
		{2D782C0C-A65C-4BA0-876B-B6B73C770E4D}.Ad-Hoc|iPhone.ActiveCfg = Release|Any CPU
		{2D782C0C-A65C-4BA0-876B-B6B73C770E4D}.Ad-Hoc|iPhone.Build.0 = Release|Any CPU
		{2D782C0C-A65C-4BA0-876B-B6B73C770E4D}.Ad-Hoc|iPhone.Deploy.0 = Release|Any CPU
		{2D782C0C-A65C-4BA0-876B-B6B73C770E4D}.Ad-Hoc|iPhoneSimulator.ActiveCfg = Release|Any CPU
		{2D782C0C-A65C-4BA0-876B-B6B73C770E4D}.Ad-Hoc|iPhoneSimulator.Build.0 = Release|Any CPU
		{2D782C0C-A65C-4BA0-876B-B6B73C770E4D}.Ad-Hoc|iPhoneSimulator.Deploy.0 = Release|Any CPU
		{2D782C0C-A65C-4BA0-876B-B6B73C770E4D}.Ad-Hoc|x86.ActiveCfg = Release|x86
		{2D782C0C-A65C-4BA0-876B-B6B73C770E4D}.Ad-Hoc|x86.Build.0 = Release|x86
		{2D782C0C-A65C-4BA0-876B-B6B73C770E4D}.Ad-Hoc|x86.Deploy.0 = Release|x86
		{2D782C0C-A65C-4BA0-876B-B6B73C770E4D}.AppStore|Any CPU.ActiveCfg = Release|Any CPU
		{2D782C0C-A65C-4BA0-876B-B6B73C770E4D}.AppStore|Any CPU.Build.0 = Release|Any CPU
		{2D782C0C-A65C-4BA0-876B-B6B73C770E4D}.AppStore|Any CPU.Deploy.0 = Release|Any CPU
		{2D782C0C-A65C-4BA0-876B-B6B73C770E4D}.AppStore|ARM.ActiveCfg = Release|ARM
		{2D782C0C-A65C-4BA0-876B-B6B73C770E4D}.AppStore|ARM.Build.0 = Release|ARM
		{2D782C0C-A65C-4BA0-876B-B6B73C770E4D}.AppStore|ARM.Deploy.0 = Release|ARM
		{2D782C0C-A65C-4BA0-876B-B6B73C770E4D}.AppStore|iPhone.ActiveCfg = Release|Any CPU
		{2D782C0C-A65C-4BA0-876B-B6B73C770E4D}.AppStore|iPhone.Build.0 = Release|Any CPU
		{2D782C0C-A65C-4BA0-876B-B6B73C770E4D}.AppStore|iPhone.Deploy.0 = Release|Any CPU
		{2D782C0C-A65C-4BA0-876B-B6B73C770E4D}.AppStore|iPhoneSimulator.ActiveCfg = Release|Any CPU
		{2D782C0C-A65C-4BA0-876B-B6B73C770E4D}.AppStore|iPhoneSimulator.Build.0 = Release|Any CPU
		{2D782C0C-A65C-4BA0-876B-B6B73C770E4D}.AppStore|iPhoneSimulator.Deploy.0 = Release|Any CPU
		{2D782C0C-A65C-4BA0-876B-B6B73C770E4D}.AppStore|x86.ActiveCfg = Release|x86
		{2D782C0C-A65C-4BA0-876B-B6B73C770E4D}.AppStore|x86.Build.0 = Release|x86
		{2D782C0C-A65C-4BA0-876B-B6B73C770E4D}.AppStore|x86.Deploy.0 = Release|x86
		{2D782C0C-A65C-4BA0-876B-B6B73C770E4D}.Debug|Any CPU.ActiveCfg = Debug|Any CPU
		{2D782C0C-A65C-4BA0-876B-B6B73C770E4D}.Debug|Any CPU.Build.0 = Debug|Any CPU
		{2D782C0C-A65C-4BA0-876B-B6B73C770E4D}.Debug|Any CPU.Deploy.0 = Debug|Any CPU
		{2D782C0C-A65C-4BA0-876B-B6B73C770E4D}.Debug|ARM.ActiveCfg = Debug|ARM
		{2D782C0C-A65C-4BA0-876B-B6B73C770E4D}.Debug|ARM.Build.0 = Debug|ARM
		{2D782C0C-A65C-4BA0-876B-B6B73C770E4D}.Debug|ARM.Deploy.0 = Debug|ARM
		{2D782C0C-A65C-4BA0-876B-B6B73C770E4D}.Debug|iPhone.ActiveCfg = Debug|Any CPU
		{2D782C0C-A65C-4BA0-876B-B6B73C770E4D}.Debug|iPhone.Build.0 = Debug|Any CPU
		{2D782C0C-A65C-4BA0-876B-B6B73C770E4D}.Debug|iPhone.Deploy.0 = Debug|Any CPU
		{2D782C0C-A65C-4BA0-876B-B6B73C770E4D}.Debug|iPhoneSimulator.ActiveCfg = Debug|Any CPU
		{2D782C0C-A65C-4BA0-876B-B6B73C770E4D}.Debug|iPhoneSimulator.Build.0 = Debug|Any CPU
		{2D782C0C-A65C-4BA0-876B-B6B73C770E4D}.Debug|iPhoneSimulator.Deploy.0 = Debug|Any CPU
		{2D782C0C-A65C-4BA0-876B-B6B73C770E4D}.Debug|x86.ActiveCfg = Debug|x86
		{2D782C0C-A65C-4BA0-876B-B6B73C770E4D}.Debug|x86.Build.0 = Debug|x86
		{2D782C0C-A65C-4BA0-876B-B6B73C770E4D}.Debug|x86.Deploy.0 = Debug|x86
		{2D782C0C-A65C-4BA0-876B-B6B73C770E4D}.Release|Any CPU.ActiveCfg = Release|Any CPU
		{2D782C0C-A65C-4BA0-876B-B6B73C770E4D}.Release|Any CPU.Build.0 = Release|Any CPU
		{2D782C0C-A65C-4BA0-876B-B6B73C770E4D}.Release|Any CPU.Deploy.0 = Release|Any CPU
		{2D782C0C-A65C-4BA0-876B-B6B73C770E4D}.Release|ARM.ActiveCfg = Release|ARM
		{2D782C0C-A65C-4BA0-876B-B6B73C770E4D}.Release|ARM.Build.0 = Release|ARM
		{2D782C0C-A65C-4BA0-876B-B6B73C770E4D}.Release|ARM.Deploy.0 = Release|ARM
		{2D782C0C-A65C-4BA0-876B-B6B73C770E4D}.Release|iPhone.ActiveCfg = Release|Any CPU
		{2D782C0C-A65C-4BA0-876B-B6B73C770E4D}.Release|iPhone.Build.0 = Release|Any CPU
		{2D782C0C-A65C-4BA0-876B-B6B73C770E4D}.Release|iPhone.Deploy.0 = Release|Any CPU
		{2D782C0C-A65C-4BA0-876B-B6B73C770E4D}.Release|iPhoneSimulator.ActiveCfg = Release|Any CPU
		{2D782C0C-A65C-4BA0-876B-B6B73C770E4D}.Release|iPhoneSimulator.Build.0 = Release|Any CPU
		{2D782C0C-A65C-4BA0-876B-B6B73C770E4D}.Release|iPhoneSimulator.Deploy.0 = Release|Any CPU
		{2D782C0C-A65C-4BA0-876B-B6B73C770E4D}.Release|x86.ActiveCfg = Release|x86
		{2D782C0C-A65C-4BA0-876B-B6B73C770E4D}.Release|x86.Build.0 = Release|x86
		{2D782C0C-A65C-4BA0-876B-B6B73C770E4D}.Release|x86.Deploy.0 = Release|x86
	EndGlobalSection
	GlobalSection(SolutionProperties) = preSolution
		HideSolutionNode = FALSE
	EndGlobalSection
EndGlobal
